
Microsoft Visual Studio Solution File, Format Version 12.00
# Visual Studio Version 17
VisualStudioVersion = 17.8.34525.116
MinimumVisualStudioVersion = 10.0.40219.1
Project("{FAE04EC0-301F-11D3-BF4B-00C04F79EFBC}") = "DISAS2", "DISAS2.csproj", "{7A75A720-ABF3-441D-A7F9-B6E3FA40B213}"
EndProject
Global
	GlobalSection(SolutionConfigurationPlatforms) = preSolution
		Debug|Any CPU = Debug|Any CPU
		Release|Any CPU = Release|Any CPU
	EndGlobalSection
	GlobalSection(ProjectConfigurationPlatforms) = postSolution
		{7A75A720-ABF3-441D-A7F9-B6E3FA40B213}.Debug|Any CPU.ActiveCfg = Debug|Any CPU
		{7A75A720-ABF3-441D-A7F9-B6E3FA40B213}.Debug|Any CPU.Build.0 = Debug|Any CPU
		{7A75A720-ABF3-441D-A7F9-B6E3FA40B213}.Release|Any CPU.ActiveCfg = Release|Any CPU
		{7A75A720-ABF3-441D-A7F9-B6E3FA40B213}.Release|Any CPU.Build.0 = Release|Any CPU
	EndGlobalSection
	GlobalSection(SolutionProperties) = preSolution
		HideSolutionNode = FALSE
	EndGlobalSection
	GlobalSection(ExtensibilityGlobals) = postSolution
		SolutionGuid = {F7697779-8AE1-49E1-BE80-B396FAA2E40F}
	EndGlobalSection
EndGlobal
